
Microsoft Visual Studio Solution File, Format Version 12.00
# Visual Studio Version 17
VisualStudioVersion = 17.1.32119.435
MinimumVisualStudioVersion = 10.0.40219.1
Project("{9A19103F-16F7-4668-BE54-9A1E7A4F7556}") = "Abstractions", "Abstractions\Abstractions.csproj", "{B3A6D6C8-DED9-48A9-AA93-D329CA790799}"
EndProject
Project("{2150E333-8FDC-42A3-9474-1A3956D46DE8}") = "Docs", "Docs", "{FF0A8259-FE8F-4863-B07D-B348D3A277BB}"
	ProjectSection(SolutionItems) = preProject
		readme.md = readme.md
	EndProjectSection
EndProject
Project("{9A19103F-16F7-4668-BE54-9A1E7A4F7556}") = "Bank", "Bank\Bank.csproj", "{FDA3A4A4-C2B5-46A8-AF9C-311DAE9C031E}"
EndProject
Project("{9A19103F-16F7-4668-BE54-9A1E7A4F7556}") = "Infrastructure", "Infrastructure\Infrastructure.csproj", "{49F292BF-DEC0-43E3-B5D2-CCDC15201ADC}"
EndProject
Project("{9A19103F-16F7-4668-BE54-9A1E7A4F7556}") = "API", "API\API.csproj", "{F995A8BE-434B-49A5-83E7-6EEF854BEA02}"
EndProject
Project("{2150E333-8FDC-42A3-9474-1A3956D46DE8}") = "Libraries", "Libraries", "{59A42D01-77D5-4963-99AB-44A6E5D3420C}"
EndProject
Project("{9A19103F-16F7-4668-BE54-9A1E7A4F7556}") = "Scaler", "Scaler\Scaler.csproj", "{774713B7-C4C4-4FBC-8291-95FBB55B3A44}"
EndProject
Project("{FAE04EC0-301F-11D3-BF4B-00C04F79EFBC}") = "Simulations", "Simulations\Simulations.csproj", "{A3F417DF-D30A-472D-9A1E-401EE13ACB36}"
EndProject
Project("{FAE04EC0-301F-11D3-BF4B-00C04F79EFBC}") = "AppHost", "AppHost\AppHost.csproj", "{DFD533A0-13E8-4DF9-B50C-A3E5FCB9806A}"
EndProject
Project("{FAE04EC0-301F-11D3-BF4B-00C04F79EFBC}") = "ServiceDefaults", "ServiceDefaults\ServiceDefaults.csproj", "{B49F53DF-94CA-4067-9CED-20367443E50B}"
EndProject
Project("{2150E333-8FDC-42A3-9474-1A3956D46DE8}") = "Aspire", "Aspire", "{395087A5-A121-49E6-8F21-32C7AD51B5DD}"
EndProject
Project("{2150E333-8FDC-42A3-9474-1A3956D46DE8}") = "Silos", "Silos", "{02EA681E-C7D8-13C7-8484-4AC65E1B71E8}"
EndProject
Project("{2150E333-8FDC-42A3-9474-1A3956D46DE8}") = "Clients", "Clients", "{00AD82E8-583B-411D-B6F7-0AF5089860DF}"
EndProject
Project("{FAE04EC0-301F-11D3-BF4B-00C04F79EFBC}") = "KedaEmulator", "KedaEmulator\KedaEmulator.csproj", "{EC9651EF-D1E4-4A18-9D7C-6D47372B7F96}"
EndProject
Project("{2150E333-8FDC-42A3-9474-1A3956D46DE8}") = "Testing", "Testing", "{8C458DA8-4369-4186-8D97-5EA184D8A9BE}"
EndProject
Project("{FAE04EC0-301F-11D3-BF4B-00C04F79EFBC}") = "CustomerSilo", "CustomerSilo\CustomerSilo.csproj", "{71FB3436-57D7-ACB5-0C01-D4ACD2D42EC8}"
EndProject
Project("{FAE04EC0-301F-11D3-BF4B-00C04F79EFBC}") = "AccountSilo", "AccountSilo\AccountSilo.csproj", "{4E948951-CF5C-BDD1-8BD4-95D6536E1E6B}"
EndProject
Project("{FAE04EC0-301F-11D3-BF4B-00C04F79EFBC}") = "TransactionSilo", "TransactionSilo\TransactionSilo.csproj", "{D2827153-0CE2-2A61-076D-49385702571D}"
EndProject
Global
	GlobalSection(SolutionConfigurationPlatforms) = preSolution
		Debug|Any CPU = Debug|Any CPU
		Release|Any CPU = Release|Any CPU
	EndGlobalSection
	GlobalSection(ProjectConfigurationPlatforms) = postSolution
		{B3A6D6C8-DED9-48A9-AA93-D329CA790799}.Debug|Any CPU.ActiveCfg = Debug|Any CPU
		{B3A6D6C8-DED9-48A9-AA93-D329CA790799}.Debug|Any CPU.Build.0 = Debug|Any CPU
		{B3A6D6C8-DED9-48A9-AA93-D329CA790799}.Release|Any CPU.ActiveCfg = Release|Any CPU
		{B3A6D6C8-DED9-48A9-AA93-D329CA790799}.Release|Any CPU.Build.0 = Release|Any CPU
		{FDA3A4A4-C2B5-46A8-AF9C-311DAE9C031E}.Debug|Any CPU.ActiveCfg = Debug|Any CPU
		{FDA3A4A4-C2B5-46A8-AF9C-311DAE9C031E}.Debug|Any CPU.Build.0 = Debug|Any CPU
		{FDA3A4A4-C2B5-46A8-AF9C-311DAE9C031E}.Release|Any CPU.ActiveCfg = Release|Any CPU
		{FDA3A4A4-C2B5-46A8-AF9C-311DAE9C031E}.Release|Any CPU.Build.0 = Release|Any CPU
		{49F292BF-DEC0-43E3-B5D2-CCDC15201ADC}.Debug|Any CPU.ActiveCfg = Debug|Any CPU
		{49F292BF-DEC0-43E3-B5D2-CCDC15201ADC}.Debug|Any CPU.Build.0 = Debug|Any CPU
		{49F292BF-DEC0-43E3-B5D2-CCDC15201ADC}.Release|Any CPU.ActiveCfg = Release|Any CPU
		{49F292BF-DEC0-43E3-B5D2-CCDC15201ADC}.Release|Any CPU.Build.0 = Release|Any CPU
		{F995A8BE-434B-49A5-83E7-6EEF854BEA02}.Debug|Any CPU.ActiveCfg = Debug|Any CPU
		{F995A8BE-434B-49A5-83E7-6EEF854BEA02}.Debug|Any CPU.Build.0 = Debug|Any CPU
		{F995A8BE-434B-49A5-83E7-6EEF854BEA02}.Release|Any CPU.ActiveCfg = Release|Any CPU
		{F995A8BE-434B-49A5-83E7-6EEF854BEA02}.Release|Any CPU.Build.0 = Release|Any CPU
		{774713B7-C4C4-4FBC-8291-95FBB55B3A44}.Debug|Any CPU.ActiveCfg = Debug|Any CPU
		{774713B7-C4C4-4FBC-8291-95FBB55B3A44}.Debug|Any CPU.Build.0 = Debug|Any CPU
		{774713B7-C4C4-4FBC-8291-95FBB55B3A44}.Release|Any CPU.ActiveCfg = Release|Any CPU
		{774713B7-C4C4-4FBC-8291-95FBB55B3A44}.Release|Any CPU.Build.0 = Release|Any CPU
		{A3F417DF-D30A-472D-9A1E-401EE13ACB36}.Debug|Any CPU.ActiveCfg = Debug|Any CPU
		{A3F417DF-D30A-472D-9A1E-401EE13ACB36}.Debug|Any CPU.Build.0 = Debug|Any CPU
		{A3F417DF-D30A-472D-9A1E-401EE13ACB36}.Release|Any CPU.ActiveCfg = Release|Any CPU
		{A3F417DF-D30A-472D-9A1E-401EE13ACB36}.Release|Any CPU.Build.0 = Release|Any CPU
		{DFD533A0-13E8-4DF9-B50C-A3E5FCB9806A}.Debug|Any CPU.ActiveCfg = Debug|Any CPU
		{DFD533A0-13E8-4DF9-B50C-A3E5FCB9806A}.Debug|Any CPU.Build.0 = Debug|Any CPU
		{DFD533A0-13E8-4DF9-B50C-A3E5FCB9806A}.Release|Any CPU.ActiveCfg = Release|Any CPU
		{DFD533A0-13E8-4DF9-B50C-A3E5FCB9806A}.Release|Any CPU.Build.0 = Release|Any CPU
		{B49F53DF-94CA-4067-9CED-20367443E50B}.Debug|Any CPU.ActiveCfg = Debug|Any CPU
		{B49F53DF-94CA-4067-9CED-20367443E50B}.Debug|Any CPU.Build.0 = Debug|Any CPU
		{B49F53DF-94CA-4067-9CED-20367443E50B}.Release|Any CPU.ActiveCfg = Release|Any CPU
		{B49F53DF-94CA-4067-9CED-20367443E50B}.Release|Any CPU.Build.0 = Release|Any CPU
		{EC9651EF-D1E4-4A18-9D7C-6D47372B7F96}.Debug|Any CPU.ActiveCfg = Debug|Any CPU
		{EC9651EF-D1E4-4A18-9D7C-6D47372B7F96}.Debug|Any CPU.Build.0 = Debug|Any CPU
		{EC9651EF-D1E4-4A18-9D7C-6D47372B7F96}.Release|Any CPU.ActiveCfg = Release|Any CPU
		{EC9651EF-D1E4-4A18-9D7C-6D47372B7F96}.Release|Any CPU.Build.0 = Release|Any CPU
		{71FB3436-57D7-ACB5-0C01-D4ACD2D42EC8}.Debug|Any CPU.ActiveCfg = Debug|Any CPU
		{71FB3436-57D7-ACB5-0C01-D4ACD2D42EC8}.Debug|Any CPU.Build.0 = Debug|Any CPU
		{71FB3436-57D7-ACB5-0C01-D4ACD2D42EC8}.Release|Any CPU.ActiveCfg = Release|Any CPU
		{71FB3436-57D7-ACB5-0C01-D4ACD2D42EC8}.Release|Any CPU.Build.0 = Release|Any CPU
		{4E948951-CF5C-BDD1-8BD4-95D6536E1E6B}.Debug|Any CPU.ActiveCfg = Debug|Any CPU
		{4E948951-CF5C-BDD1-8BD4-95D6536E1E6B}.Debug|Any CPU.Build.0 = Debug|Any CPU
		{4E948951-CF5C-BDD1-8BD4-95D6536E1E6B}.Release|Any CPU.ActiveCfg = Release|Any CPU
		{4E948951-CF5C-BDD1-8BD4-95D6536E1E6B}.Release|Any CPU.Build.0 = Release|Any CPU
		{D2827153-0CE2-2A61-076D-49385702571D}.Debug|Any CPU.ActiveCfg = Debug|Any CPU
		{D2827153-0CE2-2A61-076D-49385702571D}.Debug|Any CPU.Build.0 = Debug|Any CPU
		{D2827153-0CE2-2A61-076D-49385702571D}.Release|Any CPU.ActiveCfg = Release|Any CPU
		{D2827153-0CE2-2A61-076D-49385702571D}.Release|Any CPU.Build.0 = Release|Any CPU
	EndGlobalSection
	GlobalSection(SolutionProperties) = preSolution
		HideSolutionNode = FALSE
	EndGlobalSection
	GlobalSection(NestedProjects) = preSolution
		{B3A6D6C8-DED9-48A9-AA93-D329CA790799} = {59A42D01-77D5-4963-99AB-44A6E5D3420C}
		{FDA3A4A4-C2B5-46A8-AF9C-311DAE9C031E} = {02EA681E-C7D8-13C7-8484-4AC65E1B71E8}
		{49F292BF-DEC0-43E3-B5D2-CCDC15201ADC} = {59A42D01-77D5-4963-99AB-44A6E5D3420C}
		{F995A8BE-434B-49A5-83E7-6EEF854BEA02} = {02EA681E-C7D8-13C7-8484-4AC65E1B71E8}
		{774713B7-C4C4-4FBC-8291-95FBB55B3A44} = {00AD82E8-583B-411D-B6F7-0AF5089860DF}
		{A3F417DF-D30A-472D-9A1E-401EE13ACB36} = {00AD82E8-583B-411D-B6F7-0AF5089860DF}
		{DFD533A0-13E8-4DF9-B50C-A3E5FCB9806A} = {395087A5-A121-49E6-8F21-32C7AD51B5DD}
		{B49F53DF-94CA-4067-9CED-20367443E50B} = {395087A5-A121-49E6-8F21-32C7AD51B5DD}
		{EC9651EF-D1E4-4A18-9D7C-6D47372B7F96} = {8C458DA8-4369-4186-8D97-5EA184D8A9BE}
		{71FB3436-57D7-ACB5-0C01-D4ACD2D42EC8} = {02EA681E-C7D8-13C7-8484-4AC65E1B71E8}
		{4E948951-CF5C-BDD1-8BD4-95D6536E1E6B} = {02EA681E-C7D8-13C7-8484-4AC65E1B71E8}
		{D2827153-0CE2-2A61-076D-49385702571D} = {02EA681E-C7D8-13C7-8484-4AC65E1B71E8}
	EndGlobalSection
	GlobalSection(ExtensibilityGlobals) = postSolution
		SolutionGuid = {0F294DB6-AA0D-4B66-BCFC-DEE836E0099A}
	EndGlobalSection
EndGlobal
